
Microsoft Visual Studio Solution File, Format Version 12.00
# Visual Studio Version 16
VisualStudioVersion = 16.0.29215.179
MinimumVisualStudioVersion = 10.0.40219.1
Project("{FAE04EC0-301F-11D3-BF4B-00C04F79EFBC}") = "ABS_C_TEST", "ABS_C_TEST.csproj", "{22C3BAA8-A9AD-416D-BC64-8FD43B8441A8}"
EndProject
Global
	GlobalSection(SolutionConfigurationPlatforms) = preSolution
		Debug|Any CPU = Debug|Any CPU
		Release|Any CPU = Release|Any CPU
	EndGlobalSection
	GlobalSection(ProjectConfigurationPlatforms) = postSolution
		{22C3BAA8-A9AD-416D-BC64-8FD43B8441A8}.Debug|Any CPU.ActiveCfg = Debug|Any CPU
		{22C3BAA8-A9AD-416D-BC64-8FD43B8441A8}.Debug|Any CPU.Build.0 = Debug|Any CPU
		{22C3BAA8-A9AD-416D-BC64-8FD43B8441A8}.Release|Any CPU.ActiveCfg = Release|Any CPU
		{22C3BAA8-A9AD-416D-BC64-8FD43B8441A8}.Release|Any CPU.Build.0 = Release|Any CPU
	EndGlobalSection
	GlobalSection(SolutionProperties) = preSolution
		HideSolutionNode = FALSE
	EndGlobalSection
	GlobalSection(ExtensibilityGlobals) = postSolution
		SolutionGuid = {D8769F95-56A1-42BA-A5F3-C04BC3790126}
	EndGlobalSection
EndGlobal
